<?xml version="1.0" encoding="utf-8"?>
<Project ToolsVersion="4.0" xmlns="http://schemas.microsoft.com/developer/msbuild/2003">
  <ItemGroup>
    <Filter Include="Source Files">
      <UniqueIdentifier>{4FC737F1-C7A5-4376-A066-2A32D752A2FF}</UniqueIdentifier>
      <Extensions>cpp;c;cc;cxx;def;odl;idl;hpj;bat;asm;asmx</Extensions>
    </Filter>
    <Filter Include="Header Files">
      <UniqueIdentifier>{93995380-89BD-4b04-88EB-625FBE52EBFB}</UniqueIdentifier>
      <Extensions>h;hh;hpp;hxx;hm;inl;inc;xsd</Extensions>
    </Filter>
    <Filter Include="Resource Files">
      <UniqueIdentifier>{67DA6AB6-F800-4c08-8B7A-83BB121AAD01}</UniqueIdentifier>
      <Extensions>rc;ico;cur;bmp;dlg;rc2;rct;bin;rgs;gif;jpg;jpeg;jpe;resx;tiff;tif;png;wav</Extensions>
    </Filter>
    <Filter Include="Source Files\dmg">
      <UniqueIdentifier>{9a7326dc-82a5-42f9-ab17-261a679b1ca5}</UniqueIdentifier>
    </Filter>
    <Filter Include="Source Files\qt">
      <UniqueIdentifier>{a73a2d81-4f36-4f7e-8779-35b8dec2d3f5}</UniqueIdentifier>
    </Filter>
    <Filter Include="Source Files\common">
      <UniqueIdentifier>{601383ad-2760-447e-88be-ac5249bd9cc4}</UniqueIdentifier>
    </Filter>
    <Filter Include="Header Files\dmg">
      <UniqueIdentifier>{5d625125-db99-455a-b06c-e2a09020587e}</UniqueIdentifier>
    </Filter>
    <Filter Include="Header Files\qt">
      <UniqueIdentifier>{ebf4f1e6-496a-4417-a190-816dd91757ba}</UniqueIdentifier>
    </Filter>
    <Filter Include="Header Files\common">
      <UniqueIdentifier>{8a3df64a-a2c6-4fb8-9a6a-3b4d6b569dbd}</UniqueIdentifier>
    </Filter>
    <Filter Include="Header Files\rtmidi">
      <UniqueIdentifier>{61a9cece-b5b2-4e9e-80bd-e1a1508e2d5b}</UniqueIdentifier>
    </Filter>
    <Filter Include="Source Files\rtmidi">
      <UniqueIdentifier>{d3302119-5fd2-402b-b3c0-4aebc2935236}</UniqueIdentifier>
    </Filter>
  </ItemGroup>
  <ItemGroup>
    <ClCompile Include="src\dmg\apu.cpp">
      <Filter>Source Files\dmg</Filter>
    </ClCompile>
    <ClCompile Include="src\common\cgfx_common.cpp">
      <Filter>Source Files\common</Filter>
    </ClCompile>
    <ClCompile Include="src\common\config.cpp">
      <Filter>Source Files\common</Filter>
    </ClCompile>
    <ClCompile Include="src\dmg\core.cpp">
      <Filter>Source Files\dmg</Filter>
    </ClCompile>
    <ClCompile Include="src\dmg\custom_graphics.cpp">
      <Filter>Source Files\dmg</Filter>
    </ClCompile>
    <ClCompile Include="src\dmg\gamepad.cpp">
      <Filter>Source Files\dmg</Filter>
    </ClCompile>
    <ClCompile Include="src\common\gx_util.cpp">
      <Filter>Source Files\common</Filter>
    </ClCompile>
    <ClCompile Include="src\common\hash.cpp">
      <Filter>Source Files\common</Filter>
    </ClCompile>
    <ClCompile Include="src\dmg\huc1.cpp">
      <Filter>Source Files\dmg</Filter>
    </ClCompile>
    <ClCompile Include="src\dmg\huc3.cpp">
      <Filter>Source Files\dmg</Filter>
    </ClCompile>
    <ClCompile Include="src\dmg\lcd.cpp">
      <Filter>Source Files\dmg</Filter>
    </ClCompile>
    <ClCompile Include="src\dmg\mbc1.cpp">
      <Filter>Source Files\dmg</Filter>
    </ClCompile>
    <ClCompile Include="src\dmg\mbc2.cpp">
      <Filter>Source Files\dmg</Filter>
    </ClCompile>
    <ClCompile Include="src\dmg\mbc3.cpp">
      <Filter>Source Files\dmg</Filter>
    </ClCompile>
    <ClCompile Include="src\dmg\mbc5.cpp">
      <Filter>Source Files\dmg</Filter>
    </ClCompile>
    <ClCompile Include="src\dmg\mbc6.cpp">
      <Filter>Source Files\dmg</Filter>
    </ClCompile>
    <ClCompile Include="src\dmg\mbc7.cpp">
      <Filter>Source Files\dmg</Filter>
    </ClCompile>
    <ClCompile Include="src\dmg\mmm01.cpp">
      <Filter>Source Files\dmg</Filter>
    </ClCompile>
    <ClCompile Include="src\dmg\mmu.cpp">
      <Filter>Source Files\dmg</Filter>
    </ClCompile>
    <ClCompile Include="src\dmg\opengl.cpp">
      <Filter>Source Files\dmg</Filter>
    </ClCompile>
    <ClCompile Include="src\common\osd.cpp">
      <Filter>Source Files\common</Filter>
    </ClCompile>
    <ClCompile Include="src\dmg\tama5.cpp">
      <Filter>Source Files\dmg</Filter>
    </ClCompile>
    <ClCompile Include="src\common\util.cpp">
      <Filter>Source Files\common</Filter>
    </ClCompile>
    <ClCompile Include="src\dmg\z80.cpp">
      <Filter>Source Files\dmg</Filter>
    </ClCompile>
    <ClCompile Include="src\qt\cgfx.cpp">
      <Filter>Source Files\qt</Filter>
    </ClCompile>
    <ClCompile Include="src\qt\cheat_menu.cpp">
      <Filter>Source Files\qt</Filter>
    </ClCompile>
    <ClCompile Include="src\qt\data_dialog.cpp">
      <Filter>Source Files\qt</Filter>
    </ClCompile>
    <ClCompile Include="src\qt\general_settings.cpp">
      <Filter>Source Files\qt</Filter>
    </ClCompile>
    <ClCompile Include="src\qt\main.cpp">
      <Filter>Source Files\qt</Filter>
    </ClCompile>
    <ClCompile Include="src\qt\main_menu.cpp">
      <Filter>Source Files\qt</Filter>
    </ClCompile>
    <ClCompile Include="src\qt\ogl_manager.cpp">
      <Filter>Source Files\qt</Filter>
    </ClCompile>
    <ClCompile Include="src\qt\qt_common.cpp">
      <Filter>Source Files\qt</Filter>
    </ClCompile>
    <ClCompile Include="src\qt\render.cpp">
      <Filter>Source Files\qt</Filter>
    </ClCompile>
    <ClCompile Include="src\qt\rtc_menu.cpp">
      <Filter>Source Files\qt</Filter>
    </ClCompile>
    <ClCompile Include="src\qt\screens.cpp">
      <Filter>Source Files\qt</Filter>
    </ClCompile>
    <ClCompile Include="src\qt\debug_dmg.cpp">
      <Filter>Source Files\qt</Filter>
    </ClCompile>
    <ClCompile Include="src\rtmidi\RtMidi.cpp">
      <Filter>Source Files\rtmidi</Filter>
    </ClCompile>
    <ClCompile Include="src\rtmidi\rtmidi_c.cpp">
      <Filter>Source Files\rtmidi</Filter>
    </ClCompile>
    <ClCompile Include="src\dmg\midi_driver.cpp">
      <Filter>Source Files\dmg</Filter>
    </ClCompile>
    <ClCompile Include="src\dmg\custom_sound.cpp">
      <Filter>Source Files\dmg</Filter>
    </ClCompile>
  </ItemGroup>
  <ItemGroup>
    <ClInclude Include="src\dmg\apu.h">
      <Filter>Header Files\dmg</Filter>
    </ClInclude>
    <ClInclude Include="src\dmg\apu_data.h">
      <Filter>Header Files\dmg</Filter>
    </ClInclude>
    <ClInclude Include="src\common\cgfx_common.h">
      <Filter>Header Files\common</Filter>
    </ClInclude>
    <ClInclude Include="src\dmg\common.h">
      <Filter>Header Files\dmg</Filter>
    </ClInclude>
    <ClInclude Include="src\common\common.h">
      <Filter>Header Files\common</Filter>
    </ClInclude>
    <ClInclude Include="src\common\config.h">
      <Filter>Header Files\common</Filter>
    </ClInclude>
    <ClInclude Include="src\dmg\core.h">
      <Filter>Header Files\dmg</Filter>
    </ClInclude>
    <ClInclude Include="src\common\core_emu.h">
      <Filter>Header Files\common</Filter>
    </ClInclude>
    <ClInclude Include="src\dmg\custom_graphics_data.h">
      <Filter>Header Files\dmg</Filter>
    </ClInclude>
    <ClInclude Include="src\common\dmg_core_pad.h">
      <Filter>Header Files\common</Filter>
    </ClInclude>
    <ClInclude Include="src\dmg\gamepad.h">
      <Filter>Header Files\dmg</Filter>
    </ClInclude>
    <ClInclude Include="src\common\gx_util.h">
      <Filter>Header Files\common</Filter>
    </ClInclude>
    <ClInclude Include="src\common\hash.h">
      <Filter>Header Files\common</Filter>
    </ClInclude>
    <ClInclude Include="src\dmg\lcd.h">
      <Filter>Header Files\dmg</Filter>
    </ClInclude>
    <ClInclude Include="src\dmg\lcd_data.h">
      <Filter>Header Files\dmg</Filter>
    </ClInclude>
    <ClInclude Include="src\dmg\mmu.h">
      <Filter>Header Files\dmg</Filter>
    </ClInclude>
    <ClInclude Include="src\qt\ogl_manager.h">
      <Filter>Header Files\qt</Filter>
    </ClInclude>
    <ClInclude Include="src\qt\qt_common.h">
      <Filter>Header Files\qt</Filter>
    </ClInclude>
    <ClInclude Include="src\qt\render.h">
      <Filter>Header Files\qt</Filter>
    </ClInclude>
    <ClInclude Include="src\common\util.h">
      <Filter>Header Files\common</Filter>
    </ClInclude>
    <ClInclude Include="src\dmg\z80.h">
      <Filter>Header Files\dmg</Filter>
    </ClInclude>
    <ClInclude Include="src\rtmidi\RtMidi.h">
      <Filter>Header Files\rtmidi</Filter>
    </ClInclude>
    <ClInclude Include="src\rtmidi\rtmidi_c.h">
      <Filter>Header Files\rtmidi</Filter>
    </ClInclude>
    <ClInclude Include="src\dmg\midi_driver.h">
      <Filter>Header Files\dmg</Filter>
    </ClInclude>
    <ClInclude Include="src\dmg\custom_sound.h">
      <Filter>Header Files\dmg</Filter>
    </ClInclude>
  </ItemGroup>
  <ItemGroup>
    <None Include="src\data\gbma\index.html" />
  </ItemGroup>
  <ItemGroup>
    <CustomBuild Include="src\qt\cgfx.h">
      <Filter>Header Files\qt</Filter>
    </CustomBuild>
    <CustomBuild Include="src\qt\cheat_menu.h">
      <Filter>Header Files\qt</Filter>
    </CustomBuild>
    <CustomBuild Include="src\qt\data_dialog.h">
      <Filter>Header Files\qt</Filter>
    </CustomBuild>
    <CustomBuild Include="src\qt\general_settings.h">
      <Filter>Header Files\qt</Filter>
    </CustomBuild>
    <CustomBuild Include="src\qt\main_menu.h">
      <Filter>Header Files\qt</Filter>
    </CustomBuild>
    <CustomBuild Include="src\qt\rtc_menu.h">
      <Filter>Header Files\qt</Filter>
    </CustomBuild>
    <CustomBuild Include="src\qt\screens.h">
      <Filter>Header Files\qt</Filter>
    </CustomBuild>
    <CustomBuild Include="src\qt\debug_dmg.h">
      <Filter>Header Files\qt</Filter>
    </CustomBuild>
  </ItemGroup>
</Project>